
Microsoft Visual Studio Solution File, Format Version 12.00
# Visual Studio Version 17
VisualStudioVersion = 17.0.32014.148
MinimumVisualStudioVersion = 10.0.40219.1
Project("{9A19103F-16F7-4668-BE54-9A1E7A4F7556}") = "Cesium.Compiler", "Cesium.Compiler\Cesium.Compiler.csproj", "{B85C397C-1F36-4A27-AB36-D03F55AE1A89}"
EndProject
Project("{2150E333-8FDC-42A3-9474-1A3956D46DE8}") = "Solution Items", "Solution Items", "{A9B1FABA-2209-4B3D-8EA0-284B0E24DEB6}"
	ProjectSection(SolutionItems) = preProject
		.editorconfig = .editorconfig
		.gitignore = .gitignore
		after.Cesium.sln.targets = after.Cesium.sln.targets
		CONTRIBUTING.md = CONTRIBUTING.md
		Directory.Build.props = Directory.Build.props
		Directory.Packages.props = Directory.Packages.props
		README.md = README.md
	EndProjectSection
EndProject
Project("{2150E333-8FDC-42A3-9474-1A3956D46DE8}") = ".github", ".github", "{720F6830-E724-4B3A-BFDC-3FA1301A59D0}"
	ProjectSection(SolutionItems) = preProject
		.github\dependabot.yml = .github\dependabot.yml
	EndProjectSection
EndProject
Project("{2150E333-8FDC-42A3-9474-1A3956D46DE8}") = "workflows", "workflows", "{C08E4851-DE2E-490E-970D-4F6A0A902A98}"
	ProjectSection(SolutionItems) = preProject
		.github\workflows\run-build-and-unit-tests.yml = .github\workflows\run-build-and-unit-tests.yml
	EndProjectSection
EndProject
Project("{9A19103F-16F7-4668-BE54-9A1E7A4F7556}") = "Cesium.Parser", "Cesium.Parser\Cesium.Parser.csproj", "{537F83F5-67B1-4863-A557-CF08149A99CB}"
EndProject
Project("{9A19103F-16F7-4668-BE54-9A1E7A4F7556}") = "Cesium.Parser.Tests", "Cesium.Parser.Tests\Cesium.Parser.Tests.csproj", "{A18AF76C-28D0-4175-8A34-E0B90A2FD4A7}"
EndProject
Project("{9A19103F-16F7-4668-BE54-9A1E7A4F7556}") = "Cesium.Ast", "Cesium.Ast\Cesium.Ast.csproj", "{C71FEF8C-8770-4790-8087-A5F8413D7561}"
EndProject
Project("{9A19103F-16F7-4668-BE54-9A1E7A4F7556}") = "Cesium.CodeGen", "Cesium.CodeGen\Cesium.CodeGen.csproj", "{C05BC656-CE2B-4A3F-9301-DADB433F3EBD}"
EndProject
Project("{9A19103F-16F7-4668-BE54-9A1E7A4F7556}") = "Cesium.CodeGen.Tests", "Cesium.CodeGen.Tests\Cesium.CodeGen.Tests.csproj", "{634B2D69-BE31-44BF-8C5D-2DD86E66DC53}"
EndProject
Project("{2150E333-8FDC-42A3-9474-1A3956D46DE8}") = "Cesium.Samples", "Cesium.Samples", "{5BF9DD98-42E8-4903-86EB-516A10C86642}"
	ProjectSection(SolutionItems) = preProject
		Cesium.Samples\arithmetics.c = Cesium.Samples\arithmetics.c
		Cesium.Samples\cli-interop.c = Cesium.Samples\cli-interop.c
		Cesium.Samples\functions.c = Cesium.Samples\functions.c
		Cesium.Samples\GOL.c = Cesium.Samples\GOL.c
		Cesium.Samples\hello.c = Cesium.Samples\hello.c
		Cesium.Samples\minimal.c = Cesium.Samples\minimal.c
		Cesium.Samples\quine.c = Cesium.Samples\quine.c
		Cesium.Samples\snake.c = Cesium.Samples\snake.c
	EndProjectSection
EndProject
Project("{9A19103F-16F7-4668-BE54-9A1E7A4F7556}") = "Cesium.TestFramework", "Cesium.TestFramework\Cesium.TestFramework.csproj", "{C7BA2E2A-BEAB-4EC8-84CC-2F23B3D6FA82}"
EndProject
Project("{2150E333-8FDC-42A3-9474-1A3956D46DE8}") = "scripts", "scripts", "{F3EB714E-12F8-46E2-98D8-494723EA92E1}"
	ProjectSection(SolutionItems) = preProject
		scripts\approve-all.ps1 = scripts\approve-all.ps1
	EndProjectSection
EndProject
Project("{2150E333-8FDC-42A3-9474-1A3956D46DE8}") = "docs", "docs", "{986C6A13-2973-4405-BA3C-452512152835}"
	ProjectSection(SolutionItems) = preProject
		docs\architecture-sets.md = docs\architecture-sets.md
		docs\builtins.md = docs\builtins.md
		docs\exceptions.md = docs\exceptions.md
		docs\language-extensions.md = docs\language-extensions.md
		docs\tests.md = docs\tests.md
		docs\type-system.md = docs\type-system.md
		docs\design-notes.md = docs\design-notes.md
		docs\msbuild-sdk.md = docs\msbuild-sdk.md
	EndProjectSection
EndProject
Project("{9A19103F-16F7-4668-BE54-9A1E7A4F7556}") = "Cesium.Preprocessor", "Cesium.Preprocessor\Cesium.Preprocessor.csproj", "{0CDF730D-2A2A-437F-B27F-2BB04770C709}"
EndProject
Project("{9A19103F-16F7-4668-BE54-9A1E7A4F7556}") = "Cesium.Runtime", "Cesium.Runtime\Cesium.Runtime.csproj", "{309E8DE2-673A-4A6B-83A6-328ED480DB2E}"
EndProject
Project("{9A19103F-16F7-4668-BE54-9A1E7A4F7556}") = "Cesium.IntegrationTests", "Cesium.IntegrationTests\Cesium.IntegrationTests.csproj", "{6A8E561A-70DF-41BB-BABE-79B31904E67C}"
EndProject
Project("{2150E333-8FDC-42A3-9474-1A3956D46DE8}") = "perform-common-steps", "perform-common-steps", "{BDB20BB2-0C0E-4EEA-8D65-AF53A3E65837}"
	ProjectSection(SolutionItems) = preProject
		.github\workflows\perform-common-steps\action.yml = .github\workflows\perform-common-steps\action.yml
	EndProjectSection
EndProject
Project("{9A19103F-16F7-4668-BE54-9A1E7A4F7556}") = "Cesium.Core", "Cesium.Core\Cesium.Core.csproj", "{C83A5A9A-5667-4574-B75C-EFF38FA0FE79}"
EndProject
Project("{FAE04EC0-301F-11D3-BF4B-00C04F79EFBC}") = "Cesium.Sdk", "Cesium.Sdk\Cesium.Sdk.csproj", "{736A7F26-F507-48C5-BF48-3726EA2399CB}"
EndProject
Project("{9A19103F-16F7-4668-BE54-9A1E7A4F7556}") = "Cesium.Runtime.Tests", "Cesium.Runtime.Tests\Cesium.Runtime.Tests.csproj", "{526D8E61-6143-490F-BB9D-E7CD78512E55}"
EndProject
Project("{9A19103F-16F7-4668-BE54-9A1E7A4F7556}") = "Cesium.Compiler.Tests", "Cesium.Compiler.Tests\Cesium.Compiler.Tests.csproj", "{A5E33E79-E710-4F2F-838F-20CD0A3142F3}"
EndProject
Project("{FAE04EC0-301F-11D3-BF4B-00C04F79EFBC}") = "Cesium.TestFramework.Tests", "Cesium.TestFramework.Tests\Cesium.TestFramework.Tests.csproj", "{3AF6A395-8B9C-4E97-9036-B7C03A62EC9D}"
EndProject
Project("{FAE04EC0-301F-11D3-BF4B-00C04F79EFBC}") = "Cesium.Sdk.Tests", "Cesium.Sdk.Tests\Cesium.Sdk.Tests.csproj", "{02C764E4-41C6-4E73-AD93-F3DD3E1E9630}"
EndProject
Project("{FAE04EC0-301F-11D3-BF4B-00C04F79EFBC}") = "Cesium.Solution.Metadata", "Cesium.Solution.Metadata\Cesium.Solution.Metadata.csproj", "{5B59ADD9-5C9D-482C-B238-F5EFD5E1F7CF}"
EndProject
Project("{9A19103F-16F7-4668-BE54-9A1E7A4F7556}") = "_build", "build\_build.csproj", "{05416E66-3615-4ABB-A130-F37EC18785A2}"
EndProject
Project("{2150E333-8FDC-42A3-9474-1A3956D46DE8}") = "Templates", "Templates", "{F59EF607-B888-4FC2-8148-43B019F33C7E}"
EndProject
Project("{FAE04EC0-301F-11D3-BF4B-00C04F79EFBC}") = "Cesium.Templates.CSharp", "Cesium.Templates.CSharp\Cesium.Templates.CSharp.csproj", "{D26ED37B-1F41-4001-8755-47026763A32A}"
EndProject
Global
	GlobalSection(SolutionConfigurationPlatforms) = preSolution
		Debug|Any CPU = Debug|Any CPU
		Release|Any CPU = Release|Any CPU
	EndGlobalSection
	GlobalSection(ProjectConfigurationPlatforms) = postSolution
		{05416E66-3615-4ABB-A130-F37EC18785A2}.Debug|Any CPU.ActiveCfg = Debug|Any CPU
		{05416E66-3615-4ABB-A130-F37EC18785A2}.Release|Any CPU.ActiveCfg = Release|Any CPU
		{B85C397C-1F36-4A27-AB36-D03F55AE1A89}.Debug|Any CPU.ActiveCfg = Debug|Any CPU
		{B85C397C-1F36-4A27-AB36-D03F55AE1A89}.Debug|Any CPU.Build.0 = Debug|Any CPU
		{B85C397C-1F36-4A27-AB36-D03F55AE1A89}.Release|Any CPU.ActiveCfg = Release|Any CPU
		{B85C397C-1F36-4A27-AB36-D03F55AE1A89}.Release|Any CPU.Build.0 = Release|Any CPU
		{537F83F5-67B1-4863-A557-CF08149A99CB}.Debug|Any CPU.ActiveCfg = Debug|Any CPU
		{537F83F5-67B1-4863-A557-CF08149A99CB}.Debug|Any CPU.Build.0 = Debug|Any CPU
		{537F83F5-67B1-4863-A557-CF08149A99CB}.Release|Any CPU.ActiveCfg = Release|Any CPU
		{537F83F5-67B1-4863-A557-CF08149A99CB}.Release|Any CPU.Build.0 = Release|Any CPU
		{A18AF76C-28D0-4175-8A34-E0B90A2FD4A7}.Debug|Any CPU.ActiveCfg = Debug|Any CPU
		{A18AF76C-28D0-4175-8A34-E0B90A2FD4A7}.Debug|Any CPU.Build.0 = Debug|Any CPU
		{A18AF76C-28D0-4175-8A34-E0B90A2FD4A7}.Release|Any CPU.ActiveCfg = Release|Any CPU
		{A18AF76C-28D0-4175-8A34-E0B90A2FD4A7}.Release|Any CPU.Build.0 = Release|Any CPU
		{C71FEF8C-8770-4790-8087-A5F8413D7561}.Debug|Any CPU.ActiveCfg = Debug|Any CPU
		{C71FEF8C-8770-4790-8087-A5F8413D7561}.Debug|Any CPU.Build.0 = Debug|Any CPU
		{C71FEF8C-8770-4790-8087-A5F8413D7561}.Release|Any CPU.ActiveCfg = Release|Any CPU
		{C71FEF8C-8770-4790-8087-A5F8413D7561}.Release|Any CPU.Build.0 = Release|Any CPU
		{C05BC656-CE2B-4A3F-9301-DADB433F3EBD}.Debug|Any CPU.ActiveCfg = Debug|Any CPU
		{C05BC656-CE2B-4A3F-9301-DADB433F3EBD}.Debug|Any CPU.Build.0 = Debug|Any CPU
		{C05BC656-CE2B-4A3F-9301-DADB433F3EBD}.Release|Any CPU.ActiveCfg = Release|Any CPU
		{C05BC656-CE2B-4A3F-9301-DADB433F3EBD}.Release|Any CPU.Build.0 = Release|Any CPU
		{634B2D69-BE31-44BF-8C5D-2DD86E66DC53}.Debug|Any CPU.ActiveCfg = Debug|Any CPU
		{634B2D69-BE31-44BF-8C5D-2DD86E66DC53}.Debug|Any CPU.Build.0 = Debug|Any CPU
		{634B2D69-BE31-44BF-8C5D-2DD86E66DC53}.Release|Any CPU.ActiveCfg = Release|Any CPU
		{634B2D69-BE31-44BF-8C5D-2DD86E66DC53}.Release|Any CPU.Build.0 = Release|Any CPU
		{C7BA2E2A-BEAB-4EC8-84CC-2F23B3D6FA82}.Debug|Any CPU.ActiveCfg = Debug|Any CPU
		{C7BA2E2A-BEAB-4EC8-84CC-2F23B3D6FA82}.Debug|Any CPU.Build.0 = Debug|Any CPU
		{C7BA2E2A-BEAB-4EC8-84CC-2F23B3D6FA82}.Release|Any CPU.ActiveCfg = Release|Any CPU
		{C7BA2E2A-BEAB-4EC8-84CC-2F23B3D6FA82}.Release|Any CPU.Build.0 = Release|Any CPU
		{0CDF730D-2A2A-437F-B27F-2BB04770C709}.Debug|Any CPU.ActiveCfg = Debug|Any CPU
		{0CDF730D-2A2A-437F-B27F-2BB04770C709}.Debug|Any CPU.Build.0 = Debug|Any CPU
		{0CDF730D-2A2A-437F-B27F-2BB04770C709}.Release|Any CPU.ActiveCfg = Release|Any CPU
		{0CDF730D-2A2A-437F-B27F-2BB04770C709}.Release|Any CPU.Build.0 = Release|Any CPU
		{309E8DE2-673A-4A6B-83A6-328ED480DB2E}.Debug|Any CPU.ActiveCfg = Debug|Any CPU
		{309E8DE2-673A-4A6B-83A6-328ED480DB2E}.Debug|Any CPU.Build.0 = Debug|Any CPU
		{309E8DE2-673A-4A6B-83A6-328ED480DB2E}.Release|Any CPU.ActiveCfg = Release|Any CPU
		{309E8DE2-673A-4A6B-83A6-328ED480DB2E}.Release|Any CPU.Build.0 = Release|Any CPU
		{6A8E561A-70DF-41BB-BABE-79B31904E67C}.Debug|Any CPU.ActiveCfg = Debug|Any CPU
		{6A8E561A-70DF-41BB-BABE-79B31904E67C}.Debug|Any CPU.Build.0 = Debug|Any CPU
		{6A8E561A-70DF-41BB-BABE-79B31904E67C}.Release|Any CPU.ActiveCfg = Debug|Any CPU
		{6A8E561A-70DF-41BB-BABE-79B31904E67C}.Release|Any CPU.Build.0 = Debug|Any CPU
		{C83A5A9A-5667-4574-B75C-EFF38FA0FE79}.Debug|Any CPU.ActiveCfg = Debug|Any CPU
		{C83A5A9A-5667-4574-B75C-EFF38FA0FE79}.Debug|Any CPU.Build.0 = Debug|Any CPU
		{C83A5A9A-5667-4574-B75C-EFF38FA0FE79}.Release|Any CPU.ActiveCfg = Release|Any CPU
		{C83A5A9A-5667-4574-B75C-EFF38FA0FE79}.Release|Any CPU.Build.0 = Release|Any CPU
		{526D8E61-6143-490F-BB9D-E7CD78512E55}.Debug|Any CPU.ActiveCfg = Debug|Any CPU
		{526D8E61-6143-490F-BB9D-E7CD78512E55}.Debug|Any CPU.Build.0 = Debug|Any CPU
		{526D8E61-6143-490F-BB9D-E7CD78512E55}.Release|Any CPU.ActiveCfg = Release|Any CPU
		{526D8E61-6143-490F-BB9D-E7CD78512E55}.Release|Any CPU.Build.0 = Release|Any CPU
		{A5E33E79-E710-4F2F-838F-20CD0A3142F3}.Debug|Any CPU.ActiveCfg = Debug|Any CPU
		{A5E33E79-E710-4F2F-838F-20CD0A3142F3}.Debug|Any CPU.Build.0 = Debug|Any CPU
		{A5E33E79-E710-4F2F-838F-20CD0A3142F3}.Release|Any CPU.ActiveCfg = Release|Any CPU
		{A5E33E79-E710-4F2F-838F-20CD0A3142F3}.Release|Any CPU.Build.0 = Release|Any CPU
		{3AF6A395-8B9C-4E97-9036-B7C03A62EC9D}.Debug|Any CPU.ActiveCfg = Debug|Any CPU
		{3AF6A395-8B9C-4E97-9036-B7C03A62EC9D}.Debug|Any CPU.Build.0 = Debug|Any CPU
		{3AF6A395-8B9C-4E97-9036-B7C03A62EC9D}.Release|Any CPU.ActiveCfg = Release|Any CPU
		{3AF6A395-8B9C-4E97-9036-B7C03A62EC9D}.Release|Any CPU.Build.0 = Release|Any CPU
		{736A7F26-F507-48C5-BF48-3726EA2399CB}.Debug|Any CPU.ActiveCfg = Debug|Any CPU
		{736A7F26-F507-48C5-BF48-3726EA2399CB}.Debug|Any CPU.Build.0 = Debug|Any CPU
		{736A7F26-F507-48C5-BF48-3726EA2399CB}.Release|Any CPU.ActiveCfg = Release|Any CPU
		{736A7F26-F507-48C5-BF48-3726EA2399CB}.Release|Any CPU.Build.0 = Release|Any CPU
		{02C764E4-41C6-4E73-AD93-F3DD3E1E9630}.Debug|Any CPU.ActiveCfg = Debug|Any CPU
		{02C764E4-41C6-4E73-AD93-F3DD3E1E9630}.Debug|Any CPU.Build.0 = Debug|Any CPU
		{02C764E4-41C6-4E73-AD93-F3DD3E1E9630}.Release|Any CPU.ActiveCfg = Release|Any CPU
		{02C764E4-41C6-4E73-AD93-F3DD3E1E9630}.Release|Any CPU.Build.0 = Release|Any CPU
		{5B59ADD9-5C9D-482C-B238-F5EFD5E1F7CF}.Debug|Any CPU.ActiveCfg = Debug|Any CPU
		{5B59ADD9-5C9D-482C-B238-F5EFD5E1F7CF}.Debug|Any CPU.Build.0 = Debug|Any CPU
		{5B59ADD9-5C9D-482C-B238-F5EFD5E1F7CF}.Release|Any CPU.ActiveCfg = Release|Any CPU
		{5B59ADD9-5C9D-482C-B238-F5EFD5E1F7CF}.Release|Any CPU.Build.0 = Release|Any CPU
		{D26ED37B-1F41-4001-8755-47026763A32A}.Debug|Any CPU.ActiveCfg = Debug|Any CPU
		{D26ED37B-1F41-4001-8755-47026763A32A}.Debug|Any CPU.Build.0 = Debug|Any CPU
		{D26ED37B-1F41-4001-8755-47026763A32A}.Release|Any CPU.ActiveCfg = Release|Any CPU
		{D26ED37B-1F41-4001-8755-47026763A32A}.Release|Any CPU.Build.0 = Release|Any CPU
	EndGlobalSection
	GlobalSection(SolutionProperties) = preSolution
		HideSolutionNode = FALSE
	EndGlobalSection
	GlobalSection(NestedProjects) = preSolution
		{C08E4851-DE2E-490E-970D-4F6A0A902A98} = {720F6830-E724-4B3A-BFDC-3FA1301A59D0}
		{BDB20BB2-0C0E-4EEA-8D65-AF53A3E65837} = {C08E4851-DE2E-490E-970D-4F6A0A902A98}
		{D26ED37B-1F41-4001-8755-47026763A32A} = {F59EF607-B888-4FC2-8148-43B019F33C7E}
	EndGlobalSection
	GlobalSection(ExtensibilityGlobals) = postSolution
		SolutionGuid = {4EAC8E60-2623-4A2D-B08C-4326184915E7}
	EndGlobalSection
EndGlobal
