<!--
SPDX-FileCopyrightText: 2024-2026 Cesium contributors <https://github.com/ForNeVeR/Cesium>

SPDX-License-Identifier: MIT
-->

<Solution>
    <Project Path="CesiumLib/CesiumLib.ceproj" Type="00000000-0000-0000-0000-000000000000" />
    <Project Path="ConsoleApp_Net10/ConsoleApp_Net10.csproj" />
</Solution>
