{
  "version": 2,
  "dependencies": {
    "net8.0": {
      "CommandLineParser": {
        "type": "Direct",
        "requested": "[2.9.1, )",
        "resolved": "2.9.1",
        "contentHash": "OE0sl1/sQ37bjVsPKKtwQlWDgqaxWgtme3xZz7JssWUzg5JpMIyHgCTY9MVMxOg48fJ1AgGT3tgdH5m/kQ5xhA=="
      },
      "Microsoft.NET.ILLink.Tasks": {
        "type": "Direct",
        "requested": "[8.0.8, )",
        "resolved": "8.0.8",
        "contentHash": "P8wR6MUWwYXIjPJuBaZgo5zlI/GWI6QEAo6NyVIbPefa9CCkohYu7dP2rD/mrqnjEqfRHyl+h9VZrDoGpELqYg=="
      },
      "Yoakke.SynKit.C.Syntax": {
        "type": "Direct",
        "requested": "[2024.1.6-15.18.30-nightly, )",
        "resolved": "2024.1.6-15.18.30-nightly",
        "contentHash": "yOVWx6VglX3rwIv5EulSsLG8k/rARg4UVw/cVPn1kPiaiuCvsLA5FUHAjzs8nJbLu2FfWPgdU3uBq4oIZffSGA==",
        "dependencies": {
          "Yoakke.Polyfill": "2024.1.6-15.18.30-nightly",
          "Yoakke.SynKit.Lexer": "2024.1.6-15.18.30-nightly"
        }
      },
      "IndexRange": {
        "type": "Transitive",
        "resolved": "1.0.0",
        "contentHash": "6TgS1JLSUkpmPLfXBPaAgB39ZUix8E4soXWk2XSDcscVe84i1JKzIAtA7jHbRHSkOOrcr6YA0MpLCeq98y9mYQ=="
      },
      "IsExternalInit": {
        "type": "Transitive",
        "resolved": "1.0.1",
        "contentHash": "Md/buF2kqLI/bvmqEwtsCGXKmgbZBzJRW1vz38lyTZKjP4YMXOOSATOSbWg2+S+tlRbrM/8qp9qOBDtqLHBgBw=="
      },
      "Microsoft.Bcl.HashCode": {
        "type": "Transitive",
        "resolved": "1.1.1",
        "contentHash": "MalY0Y/uM/LjXtHfX/26l2VtN4LDNZ2OE3aumNOHDLsT4fNYy2hiHXI4CXCqKpNUNm7iJ2brrc4J89UdaL56FA=="
      },
      "Nullable": {
        "type": "Transitive",
        "resolved": "1.3.0",
        "contentHash": "xHAviTdTY3n+t1nEPN4JPRQR5lI124qRKVw+U9H7dO5sDNPpzoWeo/MQy7dSUmv9eD3k/CJVKokz1tFK+JOzRw=="
      },
      "System.Memory": {
        "type": "Transitive",
        "resolved": "4.5.4",
        "contentHash": "1MbJTHS1lZ4bS4FmsJjnuGJOu88ZzTT2rLvrhW7Ygic+pC0NWA+3hgAen0HRdsocuQXCkUTdFn9yHJJhsijDXw=="
      },
      "Yoakke.Collections": {
        "type": "Transitive",
        "resolved": "2024.1.6-15.18.30-nightly",
        "contentHash": "OfMI60WsRDy6ZMDWA2iT7KauXjp1DfEhmxh1/B/DktkB5BFjT3iVVAlNY0fXAdzaXO9aZCWxJfvfsQKVv6lW3g==",
        "dependencies": {
          "Yoakke.Polyfill": "2024.1.6-15.18.30-nightly"
        }
      },
      "Yoakke.Polyfill": {
        "type": "Transitive",
        "resolved": "2024.1.6-15.18.30-nightly",
        "contentHash": "SzH9Uo4YHFezVdEUB6eeYPr+zC6UUf0m2jOFFWE/29fO8H5zyf+LsymWenQKtVyiiFZeBm/SxK3L9n9Ui4rQqg==",
        "dependencies": {
          "IndexRange": "1.0.0",
          "IsExternalInit": "1.0.1",
          "Microsoft.Bcl.HashCode": "1.1.1",
          "Nullable": "1.3.0",
          "System.Memory": "4.5.4"
        }
      },
      "Yoakke.Streams": {
        "type": "Transitive",
        "resolved": "2024.1.6-15.18.30-nightly",
        "contentHash": "Vid8v+fhM1eIxn3uhD7pPfSj+OrKbUFjnpzpJOBCD6geZrrkD/F4/sHe6bNfr3cFx1hls2rFthxgyGtP4SjdEQ==",
        "dependencies": {
          "Yoakke.Collections": "2024.1.6-15.18.30-nightly",
          "Yoakke.Polyfill": "2024.1.6-15.18.30-nightly"
        }
      },
      "cesium.ast": {
        "type": "Project",
        "dependencies": {
          "Yoakke.SynKit.C.Syntax": "[2024.1.6-15.18.30-nightly, )",
          "Yoakke.SynKit.Lexer": "[2024.1.6-15.18.30-nightly, )"
        }
      },
      "cesium.codegen": {
        "type": "Project",
        "dependencies": {
          "Cesium.Ast": "[1.0.0, )",
          "Cesium.Core": "[1.0.0, )",
          "Cesium.Parser": "[1.0.0, )",
          "Mono.Cecil": "[0.11.5, )",
          "QuikGraph": "[2.5.0, )",
          "QuikGraph.Graphviz": "[2.5.0, )"
        }
      },
      "cesium.core": {
        "type": "Project",
        "dependencies": {
          "JetBrains.Annotations": "[2024.2.0, )",
          "Yoakke.SynKit.Text": "[2024.1.6-15.18.30-nightly, )"
        }
      },
      "cesium.parser": {
        "type": "Project",
        "dependencies": {
          "Cesium.Ast": "[1.0.0, )",
          "Cesium.Core": "[1.0.0, )",
          "Yoakke.SynKit.C.Syntax": "[2024.1.6-15.18.30-nightly, )",
          "Yoakke.SynKit.Lexer": "[2024.1.6-15.18.30-nightly, )",
          "Yoakke.SynKit.Parser": "[2024.1.6-15.18.30-nightly, )",
          "Yoakke.SynKit.Parser.Generator": "[2024.1.6-15.18.30-nightly, )"
        }
      },
      "cesium.preprocessor": {
        "type": "Project",
        "dependencies": {
          "Cesium.Core": "[1.0.0, )",
          "Yoakke.SynKit.Lexer": "[2024.1.6-15.18.30-nightly, )",
          "Yoakke.SynKit.Lexer.Generator": "[2024.1.6-15.18.30-nightly, )",
          "Yoakke.SynKit.Parser": "[2024.1.6-15.18.30-nightly, )",
          "Yoakke.SynKit.Parser.Generator": "[2024.1.6-15.18.30-nightly, )"
        }
      },
      "JetBrains.Annotations": {
        "type": "CentralTransitive",
        "requested": "[2024.2.0, )",
        "resolved": "2024.2.0",
        "contentHash": "GNnqCFW/163p1fOehKx0CnAqjmpPrUSqrgfHM6qca+P+RN39C9rhlfZHQpJhxmQG/dkOYe/b3Z0P8b6Kv5m1qw=="
      },
      "Mono.Cecil": {
        "type": "CentralTransitive",
        "requested": "[0.11.5, )",
        "resolved": "0.11.5",
        "contentHash": "fxfX+0JGTZ8YQeu1MYjbBiK2CYTSzDyEeIixt+yqKKTn7FW8rv7JMY70qevup4ZJfD7Kk/VG/jDzQQTpfch87g=="
      },
      "QuikGraph": {
        "type": "CentralTransitive",
        "requested": "[2.5.0, )",
        "resolved": "2.5.0",
        "contentHash": "sG+mrPpXwxlXknRK5VqWUGiOmDACa9X+3ftlkQIMgOZUqxVOQSe0+HIU9PTjwqazy0pqSf8MPDXYFGl0GYWcKw=="
      },
      "QuikGraph.Graphviz": {
        "type": "CentralTransitive",
        "requested": "[2.5.0, )",
        "resolved": "2.5.0",
        "contentHash": "pCKpErtHGxUi72OT+2aIg1pdHdUqpqEM5J/i9rmVsEVDE4X0xb1HBPWdxv/FLZmbBjk0ZogZXZttUL3CnAPpNw==",
        "dependencies": {
          "QuikGraph": "2.5.0"
        }
      },
      "Yoakke.SynKit.Lexer": {
        "type": "CentralTransitive",
        "requested": "[2024.1.6-15.18.30-nightly, )",
        "resolved": "2024.1.6-15.18.30-nightly",
        "contentHash": "52otRp7LBDPdncpdnb/J+gssNfqAyMAQXF56VO0ZvviG4kck3zHS6bnWRl2Satt96MqadsoDrnHIjY8XDMrFng==",
        "dependencies": {
          "Yoakke.Collections": "2024.1.6-15.18.30-nightly",
          "Yoakke.Polyfill": "2024.1.6-15.18.30-nightly",
          "Yoakke.Streams": "2024.1.6-15.18.30-nightly",
          "Yoakke.SynKit.Text": "2024.1.6-15.18.30-nightly"
        }
      },
      "Yoakke.SynKit.Lexer.Generator": {
        "type": "CentralTransitive",
        "requested": "[2024.1.6-15.18.30-nightly, )",
        "resolved": "2024.1.6-15.18.30-nightly",
        "contentHash": "Cofma6Ejd4CfCkpEpuRpcoA9dab5BXS5YQfy8I4jnLzseDVzLYWnPmAiWv6UNoq9go9RojtbYZAXXjf92THpQQ=="
      },
      "Yoakke.SynKit.Parser": {
        "type": "CentralTransitive",
        "requested": "[2024.1.6-15.18.30-nightly, )",
        "resolved": "2024.1.6-15.18.30-nightly",
        "contentHash": "0+lg6J2r8AhOfUdqH3Aeyg1IP7gSqJHsp26iEVkO6uVyGutHkD25Nfhv4PP7c7cGcKW1NP6CXXVvBOObVlPO8Q==",
        "dependencies": {
          "Yoakke.SynKit.Lexer": "2024.1.6-15.18.30-nightly"
        }
      },
      "Yoakke.SynKit.Parser.Generator": {
        "type": "CentralTransitive",
        "requested": "[2024.1.6-15.18.30-nightly, )",
        "resolved": "2024.1.6-15.18.30-nightly",
        "contentHash": "/7bcg1GAS4lDKkckpGzwXY3+B9RBo7IeJlwx/QlwPmNR8Q5olEgUxlQq7Z8WZy5EELNftTpqOh2TC6htfNK5Tw=="
      },
      "Yoakke.SynKit.Text": {
        "type": "CentralTransitive",
        "requested": "[2024.1.6-15.18.30-nightly, )",
        "resolved": "2024.1.6-15.18.30-nightly",
        "contentHash": "+ljpLPwxcZKzqCEEU6z1gwp/zY1PLzvyoYDnQFUo2EgWrhluRaarqD76vRHyRp/HHLHNlBTLIUMB9NLtIFKhqw==",
        "dependencies": {
          "Yoakke.Polyfill": "2024.1.6-15.18.30-nightly"
        }
      }
    },
    "net8.0/linux-arm64": {},
    "net8.0/linux-x64": {},
    "net8.0/osx-arm64": {},
    "net8.0/osx-x64": {},
    "net8.0/win-arm64": {},
    "net8.0/win-x64": {},
    "net8.0/win-x86": {}
  }
}